// !$*UTF8*$!
{
	archiveVersion = 1;
	classes = {
	};
	objectVersion = 50;
	objects = {

/* Begin PBXBuildFile section */
		9DF93F0A25C3F265003250D1 /* SwiftUI2_ChatAppApp.swift in Sources */ = {isa = PBXBuildFile; fileRef = 9DF93F0925C3F265003250D1 /* SwiftUI2_ChatAppApp.swift */; };
		9DF93F0C25C3F265003250D1 /* ContentView.swift in Sources */ = {isa = PBXBuildFile; fileRef = 9DF93F0B25C3F265003250D1 /* ContentView.swift */; };
		9DF93F0E25C3F265003250D1 /* Assets.xcassets in Resources */ = {isa = PBXBuildFile; fileRef = 9DF93F0D25C3F265003250D1 /* Assets.xcassets */; };
		9DF93F1125C3F265003250D1 /* Preview Assets.xcassets in Resources */ = {isa = PBXBuildFile; fileRef = 9DF93F1025C3F265003250D1 /* Preview Assets.xcassets */; };
		9DF93F1C25C3F266003250D1 /* SwiftUI2_ChatAppTests.swift in Sources */ = {isa = PBXBuildFile; fileRef = 9DF93F1B25C3F266003250D1 /* SwiftUI2_ChatAppTests.swift */; };
		9DF93F2725C3F266003250D1 /* SwiftUI2_ChatAppUITests.swift in Sources */ = {isa = PBXBuildFile; fileRef = 9DF93F2625C3F266003250D1 /* SwiftUI2_ChatAppUITests.swift */; };
/* End PBXBuildFile section */

/* Begin PBXContainerItemProxy section */
		9DF93F1825C3F266003250D1 /* PBXContainerItemProxy */ = {
			isa = PBXContainerItemProxy;
			containerPortal = 9DF93EFE25C3F265003250D1 /* Project object */;
			proxyType = 1;
			remoteGlobalIDString = 9DF93F0525C3F265003250D1;
			remoteInfo = "SwiftUI2-ChatApp";
		};
		9DF93F2325C3F266003250D1 /* PBXContainerItemProxy */ = {
			isa = PBXContainerItemProxy;
			containerPortal = 9DF93EFE25C3F265003250D1 /* Project object */;
			proxyType = 1;
			remoteGlobalIDString = 9DF93F0525C3F265003250D1;
			remoteInfo = "SwiftUI2-ChatApp";
		};
/* End PBXContainerItemProxy section */

/* Begin PBXFileReference section */
		9DF93F0625C3F265003250D1 /* SwiftUI2-ChatApp.app */ = {isa = PBXFileReference; explicitFileType = wrapper.application; includeInIndex = 0; path = "SwiftUI2-ChatApp.app"; sourceTree = BUILT_PRODUCTS_DIR; };
		9DF93F0925C3F265003250D1 /* SwiftUI2_ChatAppApp.swift */ = {isa = PBXFileReference; lastKnownFileType = sourcecode.swift; path = SwiftUI2_ChatAppApp.swift; sourceTree = "<group>"; };
		9DF93F0B25C3F265003250D1 /* ContentView.swift */ = {isa = PBXFileReference; lastKnownFileType = sourcecode.swift; path = ContentView.swift; sourceTree = "<group>"; };
		9DF93F0D25C3F265003250D1 /* Assets.xcassets */ = {isa = PBXFileReference; lastKnownFileType = folder.assetcatalog; path = Assets.xcassets; sourceTree = "<group>"; };
		9DF93F1025C3F265003250D1 /* Preview Assets.xcassets */ = {isa = PBXFileReference; lastKnownFileType = folder.assetcatalog; path = "Preview Assets.xcassets"; sourceTree = "<group>"; };
		9DF93F1225C3F265003250D1 /* Info.plist */ = {isa = PBXFileReference; lastKnownFileType = text.plist.xml; path = Info.plist; sourceTree = "<group>"; };
		9DF93F1725C3F266003250D1 /* SwiftUI2-ChatAppTests.xctest */ = {isa = PBXFileReference; explicitFileType = wrapper.cfbundle; includeInIndex = 0; path = "SwiftUI2-ChatAppTests.xctest"; sourceTree = BUILT_PRODUCTS_DIR; };
		9DF93F1B25C3F266003250D1 /* SwiftUI2_ChatAppTests.swift */ = {isa = PBXFileReference; lastKnownFileType = sourcecode.swift; path = SwiftUI2_ChatAppTests.swift; sourceTree = "<group>"; };
		9DF93F1D25C3F266003250D1 /* Info.plist */ = {isa = PBXFileReference; lastKnownFileType = text.plist.xml; path = Info.plist; sourceTree = "<group>"; };
		9DF93F2225C3F266003250D1 /* SwiftUI2-ChatAppUITests.xctest */ = {isa = PBXFileReference; explicitFileType = wrapper.cfbundle; includeInIndex = 0; path = "SwiftUI2-ChatAppUITests.xctest"; sourceTree = BUILT_PRODUCTS_DIR; };
		9DF93F2625C3F266003250D1 /* SwiftUI2_ChatAppUITests.swift */ = {isa = PBXFileReference; lastKnownFileType = sourcecode.swift; path = SwiftUI2_ChatAppUITests.swift; sourceTree = "<group>"; };
		9DF93F2825C3F266003250D1 /* Info.plist */ = {isa = PBXFileReference; lastKnownFileType = text.plist.xml; path = Info.plist; sourceTree = "<group>"; };
/* End PBXFileReference section */

/* Begin PBXFrameworksBuildPhase section */
		9DF93F0325C3F265003250D1 /* Frameworks */ = {
			isa = PBXFrameworksBuildPhase;
			buildActionMask = 2147483647;
			files = (
			);
			runOnlyForDeploymentPostprocessing = 0;
		};
		9DF93F1425C3F266003250D1 /* Frameworks */ = {
			isa = PBXFrameworksBuildPhase;
			buildActionMask = 2147483647;
			files = (
			);
			runOnlyForDeploymentPostprocessing = 0;
		};
		9DF93F1F25C3F266003250D1 /* Frameworks */ = {
			isa = PBXFrameworksBuildPhase;
			buildActionMask = 2147483647;
			files = (
			);
			runOnlyForDeploymentPostprocessing = 0;
		};
/* End PBXFrameworksBuildPhase section */

/* Begin PBXGroup section */
		9DF93EFD25C3F265003250D1 = {
			isa = PBXGroup;
			children = (
				9DF93F0825C3F265003250D1 /* SwiftUI2-ChatApp */,
				9DF93F1A25C3F266003250D1 /* SwiftUI2-ChatAppTests */,
				9DF93F2525C3F266003250D1 /* SwiftUI2-ChatAppUITests */,
				9DF93F0725C3F265003250D1 /* Products */,
			);
			sourceTree = "<group>";
		};
		9DF93F0725C3F265003250D1 /* Products */ = {
			isa = PBXGroup;
			children = (
				9DF93F0625C3F265003250D1 /* SwiftUI2-ChatApp.app */,
				9DF93F1725C3F266003250D1 /* SwiftUI2-ChatAppTests.xctest */,
				9DF93F2225C3F266003250D1 /* SwiftUI2-ChatAppUITests.xctest */,
			);
			name = Products;
			sourceTree = "<group>";
		};
		9DF93F0825C3F265003250D1 /* SwiftUI2-ChatApp */ = {
			isa = PBXGroup;
			children = (
				9DF93F0925C3F265003250D1 /* SwiftUI2_ChatAppApp.swift */,
				9DF93F0B25C3F265003250D1 /* ContentView.swift */,
				9DF93F0D25C3F265003250D1 /* Assets.xcassets */,
				9DF93F1225C3F265003250D1 /* Info.plist */,
				9DF93F0F25C3F265003250D1 /* Preview Content */,
			);
			path = "SwiftUI2-ChatApp";
			sourceTree = "<group>";
		};
		9DF93F0F25C3F265003250D1 /* Preview Content */ = {
			isa = PBXGroup;
			children = (
				9DF93F1025C3F265003250D1 /* Preview Assets.xcassets */,
			);
			path = "Preview Content";
			sourceTree = "<group>";
		};
		9DF93F1A25C3F266003250D1 /* SwiftUI2-ChatAppTests */ = {
			isa = PBXGroup;
			children = (
				9DF93F1B25C3F266003250D1 /* SwiftUI2_ChatAppTests.swift */,
				9DF93F1D25C3F266003250D1 /* Info.plist */,
			);
			path = "SwiftUI2-ChatAppTests";
			sourceTree = "<group>";
		};
		9DF93F2525C3F266003250D1 /* SwiftUI2-ChatAppUITests */ = {
			isa = PBXGroup;
			children = (
				9DF93F2625C3F266003250D1 /* SwiftUI2_ChatAppUITests.swift */,
				9DF93F2825C3F266003250D1 /* Info.plist */,
			);
			path = "SwiftUI2-ChatAppUITests";
			sourceTree = "<group>";
		};
/* End PBXGroup section */

/* Begin PBXNativeTarget section */
		9DF93F0525C3F265003250D1 /* SwiftUI2-ChatApp */ = {
			isa = PBXNativeTarget;
			buildConfigurationList = 9DF93F2B25C3F266003250D1 /* Build configuration list for PBXNativeTarget "SwiftUI2-ChatApp" */;
			buildPhases = (
				9DF93F0225C3F265003250D1 /* Sources */,
				9DF93F0325C3F265003250D1 /* Frameworks */,
				9DF93F0425C3F265003250D1 /* Resources */,
			);
			buildRules = (
			);
			dependencies = (
			);
			name = "SwiftUI2-ChatApp";
			productName = "SwiftUI2-ChatApp";
			productReference = 9DF93F0625C3F265003250D1 /* SwiftUI2-ChatApp.app */;
			productType = "com.apple.product-type.application";
		};
		9DF93F1625C3F266003250D1 /* SwiftUI2-ChatAppTests */ = {
			isa = PBXNativeTarget;
			buildConfigurationList = 9DF93F2E25C3F266003250D1 /* Build configuration list for PBXNativeTarget "SwiftUI2-ChatAppTests" */;
			buildPhases = (
				9DF93F1325C3F266003250D1 /* Sources */,
				9DF93F1425C3F266003250D1 /* Frameworks */,
				9DF93F1525C3F266003250D1 /* Resources */,
			);
			buildRules = (
			);
			dependencies = (
				9DF93F1925C3F266003250D1 /* PBXTargetDependency */,
			);
			name = "SwiftUI2-ChatAppTests";
			productName = "SwiftUI2-ChatAppTests";
			productReference = 9DF93F1725C3F266003250D1 /* SwiftUI2-ChatAppTests.xctest */;
			productType = "com.apple.product-type.bundle.unit-test";
		};
		9DF93F2125C3F266003250D1 /* SwiftUI2-ChatAppUITests */ = {
			isa = PBXNativeTarget;
			buildConfigurationList = 9DF93F3125C3F266003250D1 /* Build configuration list for PBXNativeTarget "SwiftUI2-ChatAppUITests" */;
			buildPhases = (
				9DF93F1E25C3F266003250D1 /* Sources */,
				9DF93F1F25C3F266003250D1 /* Frameworks */,
				9DF93F2025C3F266003250D1 /* Resources */,
			);
			buildRules = (
			);
			dependencies = (
				9DF93F2425C3F266003250D1 /* PBXTargetDependency */,
			);
			name = "SwiftUI2-ChatAppUITests";
			productName = "SwiftUI2-ChatAppUITests";
			productReference = 9DF93F2225C3F266003250D1 /* SwiftUI2-ChatAppUITests.xctest */;
			productType = "com.apple.product-type.bundle.ui-testing";
		};
/* End PBXNativeTarget section */

/* Begin PBXProject section */
		9DF93EFE25C3F265003250D1 /* Project object */ = {
			isa = PBXProject;
			attributes = {
				LastSwiftUpdateCheck = 1230;
				LastUpgradeCheck = 1230;
				TargetAttributes = {
					9DF93F0525C3F265003250D1 = {
						CreatedOnToolsVersion = 12.3;
					};
					9DF93F1625C3F266003250D1 = {
						CreatedOnToolsVersion = 12.3;
						TestTargetID = 9DF93F0525C3F265003250D1;
					};
					9DF93F2125C3F266003250D1 = {
						CreatedOnToolsVersion = 12.3;
						TestTargetID = 9DF93F0525C3F265003250D1;
					};
				};
			};
			buildConfigurationList = 9DF93F0125C3F265003250D1 /* Build configuration list for PBXProject "SwiftUI2-ChatApp" */;
			compatibilityVersion = "Xcode 9.3";
			developmentRegion = en;
			hasScannedForEncodings = 0;
			knownRegions = (
				en,
				Base,
			);
			mainGroup = 9DF93EFD25C3F265003250D1;
			productRefGroup = 9DF93F0725C3F265003250D1 /* Products */;
			projectDirPath = "";
			projectRoot = "";
			targets = (
				9DF93F0525C3F265003250D1 /* SwiftUI2-ChatApp */,
				9DF93F1625C3F266003250D1 /* SwiftUI2-ChatAppTests */,
				9DF93F2125C3F266003250D1 /* SwiftUI2-ChatAppUITests */,
			);
		};
/* End PBXProject section */

/* Begin PBXResourcesBuildPhase section */
		9DF93F0425C3F265003250D1 /* Resources */ = {
			isa = PBXResourcesBuildPhase;
			buildActionMask = 2147483647;
			files = (
				9DF93F1125C3F265003250D1 /* Preview Assets.xcassets in Resources */,
				9DF93F0E25C3F265003250D1 /* Assets.xcassets in Resources */,
			);
			runOnlyForDeploymentPostprocessing = 0;
		};
		9DF93F1525C3F266003250D1 /* Resources */ = {
			isa = PBXResourcesBuildPhase;
			buildActionMask = 2147483647;
			files = (
			);
			runOnlyForDeploymentPostprocessing = 0;
		};
		9DF93F2025C3F266003250D1 /* Resources */ = {
			isa = PBXResourcesBuildPhase;
			buildActionMask = 2147483647;
			files = (
			);
			runOnlyForDeploymentPostprocessing = 0;
		};
/* End PBXResourcesBuildPhase section */

/* Begin PBXSourcesBuildPhase section */
		9DF93F0225C3F265003250D1 /* Sources */ = {
			isa = PBXSourcesBuildPhase;
			buildActionMask = 2147483647;
			files = (
				9DF93F0C25C3F265003250D1 /* ContentView.swift in Sources */,
				9DF93F0A25C3F265003250D1 /* SwiftUI2_ChatAppApp.swift in Sources */,
			);
			runOnlyForDeploymentPostprocessing = 0;
		};
		9DF93F1325C3F266003250D1 /* Sources */ = {
			isa = PBXSourcesBuildPhase;
			buildActionMask = 2147483647;
			files = (
				9DF93F1C25C3F266003250D1 /* SwiftUI2_ChatAppTests.swift in Sources */,
			);
			runOnlyForDeploymentPostprocessing = 0;
		};
		9DF93F1E25C3F266003250D1 /* Sources */ = {
			isa = PBXSourcesBuildPhase;
			buildActionMask = 2147483647;
			files = (
				9DF93F2725C3F266003250D1 /* SwiftUI2_ChatAppUITests.swift in Sources */,
			);
			runOnlyForDeploymentPostprocessing = 0;
		};
/* End PBXSourcesBuildPhase section */

/* Begin PBXTargetDependency section */
		9DF93F1925C3F266003250D1 /* PBXTargetDependency */ = {
			isa = PBXTargetDependency;
			target = 9DF93F0525C3F265003250D1 /* SwiftUI2-ChatApp */;
			targetProxy = 9DF93F1825C3F266003250D1 /* PBXContainerItemProxy */;
		};
		9DF93F2425C3F266003250D1 /* PBXTargetDependency */ = {
			isa = PBXTargetDependency;
			target = 9DF93F0525C3F265003250D1 /* SwiftUI2-ChatApp */;
			targetProxy = 9DF93F2325C3F266003250D1 /* PBXContainerItemProxy */;
		};
/* End PBXTargetDependency section */

/* Begin XCBuildConfiguration section */
		9DF93F2925C3F266003250D1 /* Debug */ = {
			isa = XCBuildConfiguration;
			buildSettings = {
				ALWAYS_SEARCH_USER_PATHS = NO;
				CLANG_ANALYZER_NONNULL = YES;
				CLANG_ANALYZER_NUMBER_OBJECT_CONVERSION = YES_AGGRESSIVE;
				CLANG_CXX_LANGUAGE_STANDARD = "gnu++14";
				CLANG_CXX_LIBRARY = "libc++";
				CLANG_ENABLE_MODULES = YES;
				CLANG_ENABLE_OBJC_ARC = YES;
				CLANG_ENABLE_OBJC_WEAK = YES;
				CLANG_WARN_BLOCK_CAPTURE_AUTORELEASING = YES;
				CLANG_WARN_BOOL_CONVERSION = YES;
				CLANG_WARN_COMMA = YES;
				CLANG_WARN_CONSTANT_CONVERSION = YES;
				CLANG_WARN_DEPRECATED_OBJC_IMPLEMENTATIONS = YES;
				CLANG_WARN_DIRECT_OBJC_ISA_USAGE = YES_ERROR;
				CLANG_WARN_DOCUMENTATION_COMMENTS = YES;
				CLANG_WARN_EMPTY_BODY = YES;
				CLANG_WARN_ENUM_CONVERSION = YES;
				CLANG_WARN_INFINITE_RECURSION = YES;
				CLANG_WARN_INT_CONVERSION = YES;
				CLANG_WARN_NON_LITERAL_NULL_CONVERSION = YES;
				CLANG_WARN_OBJC_IMPLICIT_RETAIN_SELF = YES;
				CLANG_WARN_OBJC_LITERAL_CONVERSION = YES;
				CLANG_WARN_OBJC_ROOT_CLASS = YES_ERROR;
				CLANG_WARN_QUOTED_INCLUDE_IN_FRAMEWORK_HEADER = YES;
				CLANG_WARN_RANGE_LOOP_ANALYSIS = YES;
				CLANG_WARN_STRICT_PROTOTYPES = YES;
				CLANG_WARN_SUSPICIOUS_MOVE = YES;
				CLANG_WARN_UNGUARDED_AVAILABILITY = YES_AGGRESSIVE;
				CLANG_WARN_UNREACHABLE_CODE = YES;
				CLANG_WARN__DUPLICATE_METHOD_MATCH = YES;
				COPY_PHASE_STRIP = NO;
				DEBUG_INFORMATION_FORMAT = dwarf;
				ENABLE_STRICT_OBJC_MSGSEND = YES;
				ENABLE_TESTABILITY = YES;
				GCC_C_LANGUAGE_STANDARD = gnu11;
				GCC_DYNAMIC_NO_PIC = NO;
				GCC_NO_COMMON_BLOCKS = YES;
				GCC_OPTIMIZATION_LEVEL = 0;
				GCC_PREPROCESSOR_DEFINITIONS = (
					"DEBUG=1",
					"$(inherited)",
				);
				GCC_WARN_64_TO_32_BIT_CONVERSION = YES;
				GCC_WARN_ABOUT_RETURN_TYPE = YES_ERROR;
				GCC_WARN_UNDECLARED_SELECTOR = YES;
				GCC_WARN_UNINITIALIZED_AUTOS = YES_AGGRESSIVE;
				GCC_WARN_UNUSED_FUNCTION = YES;
				GCC_WARN_UNUSED_VARIABLE = YES;
				IPHONEOS_DEPLOYMENT_TARGET = 14.3;
				MTL_ENABLE_DEBUG_INFO = INCLUDE_SOURCE;
				MTL_FAST_MATH = YES;
				ONLY_ACTIVE_ARCH = YES;
				SDKROOT = iphoneos;
				SWIFT_ACTIVE_COMPILATION_CONDITIONS = DEBUG;
				SWIFT_OPTIMIZATION_LEVEL = "-Onone";
			};
			name = Debug;
		};
		9DF93F2A25C3F266003250D1 /* Release */ = {
			isa = XCBuildConfiguration;
			buildSettings = {
				ALWAYS_SEARCH_USER_PATHS = NO;
				CLANG_ANALYZER_NONNULL = YES;
				CLANG_ANALYZER_NUMBER_OBJECT_CONVERSION = YES_AGGRESSIVE;
				CLANG_CXX_LANGUAGE_STANDARD = "gnu++14";
				CLANG_CXX_LIBRARY = "libc++";
				CLANG_ENABLE_MODULES = YES;
				CLANG_ENABLE_OBJC_ARC = YES;
				CLANG_ENABLE_OBJC_WEAK = YES;
				CLANG_WARN_BLOCK_CAPTURE_AUTORELEASING = YES;
				CLANG_WARN_BOOL_CONVERSION = YES;
				CLANG_WARN_COMMA = YES;
				CLANG_WARN_CONSTANT_CONVERSION = YES;
				CLANG_WARN_DEPRECATED_OBJC_IMPLEMENTATIONS = YES;
				CLANG_WARN_DIRECT_OBJC_ISA_USAGE = YES_ERROR;
				CLANG_WARN_DOCUMENTATION_COMMENTS = YES;
				CLANG_WARN_EMPTY_BODY = YES;
				CLANG_WARN_ENUM_CONVERSION = YES;
				CLANG_WARN_INFINITE_RECURSION = YES;
				CLANG_WARN_INT_CONVERSION = YES;
				CLANG_WARN_NON_LITERAL_NULL_CONVERSION = YES;
				CLANG_WARN_OBJC_IMPLICIT_RETAIN_SELF = YES;
				CLANG_WARN_OBJC_LITERAL_CONVERSION = YES;
				CLANG_WARN_OBJC_ROOT_CLASS = YES_ERROR;
				CLANG_WARN_QUOTED_INCLUDE_IN_FRAMEWORK_HEADER = YES;
				CLANG_WARN_RANGE_LOOP_ANALYSIS = YES;
				CLANG_WARN_STRICT_PROTOTYPES = YES;
				CLANG_WARN_SUSPICIOUS_MOVE = YES;
				CLANG_WARN_UNGUARDED_AVAILABILITY = YES_AGGRESSIVE;
				CLANG_WARN_UNREACHABLE_CODE = YES;
				CLANG_WARN__DUPLICATE_METHOD_MATCH = YES;
				COPY_PHASE_STRIP = NO;
				DEBUG_INFORMATION_FORMAT = "dwarf-with-dsym";
				ENABLE_NS_ASSERTIONS = NO;
				ENABLE_STRICT_OBJC_MSGSEND = YES;
				GCC_C_LANGUAGE_STANDARD = gnu11;
				GCC_NO_COMMON_BLOCKS = YES;
				GCC_WARN_64_TO_32_BIT_CONVERSION = YES;
				GCC_WARN_ABOUT_RETURN_TYPE = YES_ERROR;
				GCC_WARN_UNDECLARED_SELECTOR = YES;
				GCC_WARN_UNINITIALIZED_AUTOS = YES_AGGRESSIVE;
				GCC_WARN_UNUSED_FUNCTION = YES;
				GCC_WARN_UNUSED_VARIABLE = YES;
				IPHONEOS_DEPLOYMENT_TARGET = 14.3;
				MTL_ENABLE_DEBUG_INFO = NO;
				MTL_FAST_MATH = YES;
				SDKROOT = iphoneos;
				SWIFT_COMPILATION_MODE = wholemodule;
				SWIFT_OPTIMIZATION_LEVEL = "-O";
				VALIDATE_PRODUCT = YES;
			};
			name = Release;
		};
		9DF93F2C25C3F266003250D1 /* Debug */ = {
			isa = XCBuildConfiguration;
			buildSettings = {
				ASSETCATALOG_COMPILER_APPICON_NAME = AppIcon;
				ASSETCATALOG_COMPILER_GLOBAL_ACCENT_COLOR_NAME = AccentColor;
				CODE_SIGN_STYLE = Automatic;
				DEVELOPMENT_ASSET_PATHS = "\"SwiftUI2-ChatApp/Preview Content\"";
				ENABLE_PREVIEWS = YES;
				INFOPLIST_FILE = "SwiftUI2-ChatApp/Info.plist";
				IPHONEOS_DEPLOYMENT_TARGET = 14.0;
				LD_RUNPATH_SEARCH_PATHS = (
					"$(inherited)",
					"@executable_path/Frameworks",
				);
				PRODUCT_BUNDLE_IDENTIFIER = "hanifi.alma2014.mha-gmail.com.SwiftUI2-ChatApp";
				PRODUCT_NAME = "$(TARGET_NAME)";
				SWIFT_VERSION = 5.0;
				TARGETED_DEVICE_FAMILY = "1,2";
			};
			name = Debug;
		};
		9DF93F2D25C3F266003250D1 /* Release */ = {
			isa = XCBuildConfiguration;
			buildSettings = {
				ASSETCATALOG_COMPILER_APPICON_NAME = AppIcon;
				ASSETCATALOG_COMPILER_GLOBAL_ACCENT_COLOR_NAME = AccentColor;
				CODE_SIGN_STYLE = Automatic;
				DEVELOPMENT_ASSET_PATHS = "\"SwiftUI2-ChatApp/Preview Content\"";
				ENABLE_PREVIEWS = YES;
				INFOPLIST_FILE = "SwiftUI2-ChatApp/Info.plist";
				IPHONEOS_DEPLOYMENT_TARGET = 14.0;
				LD_RUNPATH_SEARCH_PATHS = (
					"$(inherited)",
					"@executable_path/Frameworks",
				);
				PRODUCT_BUNDLE_IDENTIFIER = "hanifi.alma2014.mha-gmail.com.SwiftUI2-ChatApp";
				PRODUCT_NAME = "$(TARGET_NAME)";
				SWIFT_VERSION = 5.0;
				TARGETED_DEVICE_FAMILY = "1,2";
			};
			name = Release;
		};
		9DF93F2F25C3F266003250D1 /* Debug */ = {
			isa = XCBuildConfiguration;
			buildSettings = {
				ALWAYS_EMBED_SWIFT_STANDARD_LIBRARIES = YES;
				BUNDLE_LOADER = "$(TEST_HOST)";
				CODE_SIGN_STYLE = Automatic;
				INFOPLIST_FILE = "SwiftUI2-ChatAppTests/Info.plist";
				IPHONEOS_DEPLOYMENT_TARGET = 14.0;
				LD_RUNPATH_SEARCH_PATHS = (
					"$(inherited)",
					"@executable_path/Frameworks",
					"@loader_path/Frameworks",
				);
				PRODUCT_BUNDLE_IDENTIFIER = "hanifi.alma2014.mha-gmail.com.SwiftUI2-ChatAppTests";
				PRODUCT_NAME = "$(TARGET_NAME)";
				SWIFT_VERSION = 5.0;
				TARGETED_DEVICE_FAMILY = "1,2";
				TEST_HOST = "$(BUILT_PRODUCTS_DIR)/SwiftUI2-ChatApp.app/SwiftUI2-ChatApp";
			};
			name = Debug;
		};
		9DF93F3025C3F266003250D1 /* Release */ = {
			isa = XCBuildConfiguration;
			buildSettings = {
				ALWAYS_EMBED_SWIFT_STANDARD_LIBRARIES = YES;
				BUNDLE_LOADER = "$(TEST_HOST)";
				CODE_SIGN_STYLE = Automatic;
				INFOPLIST_FILE = "SwiftUI2-ChatAppTests/Info.plist";
				IPHONEOS_DEPLOYMENT_TARGET = 14.0;
				LD_RUNPATH_SEARCH_PATHS = (
					"$(inherited)",
					"@executable_path/Frameworks",
					"@loader_path/Frameworks",
				);
				PRODUCT_BUNDLE_IDENTIFIER = "hanifi.alma2014.mha-gmail.com.SwiftUI2-ChatAppTests";
				PRODUCT_NAME = "$(TARGET_NAME)";
				SWIFT_VERSION = 5.0;
				TARGETED_DEVICE_FAMILY = "1,2";
				TEST_HOST = "$(BUILT_PRODUCTS_DIR)/SwiftUI2-ChatApp.app/SwiftUI2-ChatApp";
			};
			name = Release;
		};
		9DF93F3225C3F266003250D1 /* Debug */ = {
			isa = XCBuildConfiguration;
			buildSettings = {
				ALWAYS_EMBED_SWIFT_STANDARD_LIBRARIES = YES;
				CODE_SIGN_STYLE = Automatic;
				INFOPLIST_FILE = "SwiftUI2-ChatAppUITests/Info.plist";
				LD_RUNPATH_SEARCH_PATHS = (
					"$(inherited)",
					"@executable_path/Frameworks",
					"@loader_path/Frameworks",
				);
				PRODUCT_BUNDLE_IDENTIFIER = "hanifi.alma2014.mha-gmail.com.SwiftUI2-ChatAppUITests";
				PRODUCT_NAME = "$(TARGET_NAME)";
				SWIFT_VERSION = 5.0;
				TARGETED_DEVICE_FAMILY = "1,2";
				TEST_TARGET_NAME = "SwiftUI2-ChatApp";
			};
			name = Debug;
		};
		9DF93F3325C3F266003250D1 /* Release */ = {
			isa = XCBuildConfiguration;
			buildSettings = {
				ALWAYS_EMBED_SWIFT_STANDARD_LIBRARIES = YES;
				CODE_SIGN_STYLE = Automatic;
				INFOPLIST_FILE = "SwiftUI2-ChatAppUITests/Info.plist";
				LD_RUNPATH_SEARCH_PATHS = (
					"$(inherited)",
					"@executable_path/Frameworks",
					"@loader_path/Frameworks",
				);
				PRODUCT_BUNDLE_IDENTIFIER = "hanifi.alma2014.mha-gmail.com.SwiftUI2-ChatAppUITests";
				PRODUCT_NAME = "$(TARGET_NAME)";
				SWIFT_VERSION = 5.0;
				TARGETED_DEVICE_FAMILY = "1,2";
				TEST_TARGET_NAME = "SwiftUI2-ChatApp";
			};
			name = Release;
		};
/* End XCBuildConfiguration section */

/* Begin XCConfigurationList section */
		9DF93F0125C3F265003250D1 /* Build configuration list for PBXProject "SwiftUI2-ChatApp" */ = {
			isa = XCConfigurationList;
			buildConfigurations = (
				9DF93F2925C3F266003250D1 /* Debug */,
				9DF93F2A25C3F266003250D1 /* Release */,
			);
			defaultConfigurationIsVisible = 0;
			defaultConfigurationName = Release;
		};
		9DF93F2B25C3F266003250D1 /* Build configuration list for PBXNativeTarget "SwiftUI2-ChatApp" */ = {
			isa = XCConfigurationList;
			buildConfigurations = (
				9DF93F2C25C3F266003250D1 /* Debug */,
				9DF93F2D25C3F266003250D1 /* Release */,
			);
			defaultConfigurationIsVisible = 0;
			defaultConfigurationName = Release;
		};
		9DF93F2E25C3F266003250D1 /* Build configuration list for PBXNativeTarget "SwiftUI2-ChatAppTests" */ = {
			isa = XCConfigurationList;
			buildConfigurations = (
				9DF93F2F25C3F266003250D1 /* Debug */,
				9DF93F3025C3F266003250D1 /* Release */,
			);
			defaultConfigurationIsVisible = 0;
			defaultConfigurationName = Release;
		};
		9DF93F3125C3F266003250D1 /* Build configuration list for PBXNativeTarget "SwiftUI2-ChatAppUITests" */ = {
			isa = XCConfigurationList;
			buildConfigurations = (
				9DF93F3225C3F266003250D1 /* Debug */,
				9DF93F3325C3F266003250D1 /* Release */,
			);
			defaultConfigurationIsVisible = 0;
			defaultConfigurationName = Release;
		};
/* End XCConfigurationList section */
	};
	rootObject = 9DF93EFE25C3F265003250D1 /* Project object */;
}
